
Microsoft Visual Studio Solution File, Format Version 12.00
# Visual Studio Version 16
VisualStudioVersion = 16.0.31129.286
MinimumVisualStudioVersion = 10.0.40219.1
Project("{FAE04EC0-301F-11D3-BF4B-00C04F79EFBC}") = "MVCFront", "MVCFront\MVCFront.csproj", "{F3C44D06-8322-48CE-A73F-FB0B405B1D25}"
EndProject
Global
	GlobalSection(SolutionConfigurationPlatforms) = preSolution
		Debug|Any CPU = Debug|Any CPU
		Release|Any CPU = Release|Any CPU
	EndGlobalSection
	GlobalSection(ProjectConfigurationPlatforms) = postSolution
		{F3C44D06-8322-48CE-A73F-FB0B405B1D25}.Debug|Any CPU.ActiveCfg = Debug|Any CPU
		{F3C44D06-8322-48CE-A73F-FB0B405B1D25}.Debug|Any CPU.Build.0 = Debug|Any CPU
		{F3C44D06-8322-48CE-A73F-FB0B405B1D25}.Release|Any CPU.ActiveCfg = Release|Any CPU
		{F3C44D06-8322-48CE-A73F-FB0B405B1D25}.Release|Any CPU.Build.0 = Release|Any CPU
	EndGlobalSection
	GlobalSection(SolutionProperties) = preSolution
		HideSolutionNode = FALSE
	EndGlobalSection
	GlobalSection(ExtensibilityGlobals) = postSolution
		SolutionGuid = {6D4C1A8E-EC77-4C63-A48E-6400308BACB1}
	EndGlobalSection
EndGlobal
