
Microsoft Visual Studio Solution File, Format Version 12.00
# Visual Studio Version 16
VisualStudioVersion = 16.0.31129.286
MinimumVisualStudioVersion = 10.0.40219.1
Project("{FAE04EC0-301F-11D3-BF4B-00C04F79EFBC}") = "PizzaBoxAPI", "PizzaBoxAPI\PizzaBoxAPI.csproj", "{206B5618-C485-41BA-80B1-6ED0990D01DE}"
EndProject
Global
	GlobalSection(SolutionConfigurationPlatforms) = preSolution
		Debug|Any CPU = Debug|Any CPU
		Release|Any CPU = Release|Any CPU
	EndGlobalSection
	GlobalSection(ProjectConfigurationPlatforms) = postSolution
		{206B5618-C485-41BA-80B1-6ED0990D01DE}.Debug|Any CPU.ActiveCfg = Debug|Any CPU
		{206B5618-C485-41BA-80B1-6ED0990D01DE}.Debug|Any CPU.Build.0 = Debug|Any CPU
		{206B5618-C485-41BA-80B1-6ED0990D01DE}.Release|Any CPU.ActiveCfg = Release|Any CPU
		{206B5618-C485-41BA-80B1-6ED0990D01DE}.Release|Any CPU.Build.0 = Release|Any CPU
	EndGlobalSection
	GlobalSection(SolutionProperties) = preSolution
		HideSolutionNode = FALSE
	EndGlobalSection
	GlobalSection(ExtensibilityGlobals) = postSolution
		SolutionGuid = {8448F2B3-B2ED-42D6-8C91-CECD53D1C1F0}
	EndGlobalSection
EndGlobal
